{
  "version": 4,
  "terraform_version": "0.12.23",
  "serial": 3,
  "lineage": "312d6fe1-b173-5f76-75f1-e5f2f5531c72",
  "outputs": {
    "s3_arn": {
      "value": "arn:aws:s3:::flatfilesvadivel",
      "type": "string"
    },
    "s3_id": {
      "value": "flatfilesvadivel",
      "type": "string"
    }
  },
  "resources": [
    {
      "module": "module.datafeedback_s3",
      "mode": "managed",
      "type": "aws_s3_bucket",
      "name": "flatfiles",
      "provider": "module.datafeedback_s3.provider.aws",
      "instances": [
        {
          "schema_version": 0,
          "attributes": {
            "acceleration_status": "",
            "acl": "public-read",
            "arn": "arn:aws:s3:::flatfilesvadivel",
            "bucket": "flatfilesvadivel",
            "bucket_domain_name": "flatfilesvadivel.s3.amazonaws.com",
            "bucket_prefix": null,
            "bucket_regional_domain_name": "flatfilesvadivel.s3.amazonaws.com",
            "cors_rule": [],
            "force_destroy": false,
            "grant": [],
            "hosted_zone_id": "Z3AQBSTGFYJSTF",
            "id": "flatfilesvadivel",
            "lifecycle_rule": [],
            "logging": [],
            "object_lock_configuration": [],
            "policy": null,
            "region": "us-east-1",
            "replication_configuration": [],
            "request_payer": "BucketOwner",
            "server_side_encryption_configuration": [],
            "tags": {
              "Name": "RnD.s3.Dev",
              "author": "vadivel"
            },
            "versioning": [
              {
                "enabled": true,
                "mfa_delete": false
              }
            ],
            "website": [],
            "website_domain": null,
            "website_endpoint": null
          },
          "private": "bnVsbA=="
        }
      ]
    }
  ]
}
